
Microsoft Visual Studio Solution File, Format Version 12.00
# Visual Studio 15
VisualStudioVersion = 15.0.28307.168
MinimumVisualStudioVersion = 10.0.40219.1
Project("{FAE04EC0-301F-11D3-BF4B-00C04F79EFBC}") = "blogConsoleApp", "blogConsoleApp\blogConsoleApp.csproj", "{E19B7311-B4C1-49F3-A5ED-8837A8AF6E22}"
EndProject
Project("{FAE04EC0-301F-11D3-BF4B-00C04F79EFBC}") = "blogClassLibrary", "blogClassLibrary\blogClassLibrary.csproj", "{5F3B2B42-5091-4904-B263-0D22DBB367B3}"
EndProject
Project("{2150E333-8FDC-42A3-9474-1A3956D46DE8}") = "Solution Items", "Solution Items", "{951335E7-A2B3-4A0F-8BF3-5DF0C5D92994}"
	ProjectSection(SolutionItems) = preProject
		notes-blog-csharp.txt = notes-blog-csharp.txt
	EndProjectSection
EndProject
Global
	GlobalSection(SolutionConfigurationPlatforms) = preSolution
		Debug|Any CPU = Debug|Any CPU
		Release|Any CPU = Release|Any CPU
	EndGlobalSection
	GlobalSection(ProjectConfigurationPlatforms) = postSolution
		{E19B7311-B4C1-49F3-A5ED-8837A8AF6E22}.Debug|Any CPU.ActiveCfg = Debug|Any CPU
		{E19B7311-B4C1-49F3-A5ED-8837A8AF6E22}.Debug|Any CPU.Build.0 = Debug|Any CPU
		{E19B7311-B4C1-49F3-A5ED-8837A8AF6E22}.Release|Any CPU.ActiveCfg = Release|Any CPU
		{E19B7311-B4C1-49F3-A5ED-8837A8AF6E22}.Release|Any CPU.Build.0 = Release|Any CPU
		{5F3B2B42-5091-4904-B263-0D22DBB367B3}.Debug|Any CPU.ActiveCfg = Debug|Any CPU
		{5F3B2B42-5091-4904-B263-0D22DBB367B3}.Debug|Any CPU.Build.0 = Debug|Any CPU
		{5F3B2B42-5091-4904-B263-0D22DBB367B3}.Release|Any CPU.ActiveCfg = Release|Any CPU
		{5F3B2B42-5091-4904-B263-0D22DBB367B3}.Release|Any CPU.Build.0 = Release|Any CPU
	EndGlobalSection
	GlobalSection(SolutionProperties) = preSolution
		HideSolutionNode = FALSE
	EndGlobalSection
	GlobalSection(ExtensibilityGlobals) = postSolution
		SolutionGuid = {CD650D80-6DB5-4FE5-B2E7-E359E7F14584}
	EndGlobalSection
EndGlobal
